// !$*UTF8*$!
{
	archiveVersion = 1;
	classes = {
	};
	objectVersion = 55;
	objects = {

/* Begin PBXBuildFile section */
		42C12AF028787CB700199391 /* ViewController3.swift in Sources */ = {isa = PBXBuildFile; fileRef = 42C12AEF28787CB700199391 /* ViewController3.swift */; };
		42C1811E2873C4B600E3207B /* secondViewcontrollerViewController.swift in Sources */ = {isa = PBXBuildFile; fileRef = 42C1811D2873C4B600E3207B /* secondViewcontrollerViewController.swift */; };
		42FD19B7287381A2001B0ECF /* AppDelegate.swift in Sources */ = {isa = PBXBuildFile; fileRef = 42FD19B6287381A2001B0ECF /* AppDelegate.swift */; };
		42FD19B9287381A2001B0ECF /* SceneDelegate.swift in Sources */ = {isa = PBXBuildFile; fileRef = 42FD19B8287381A2001B0ECF /* SceneDelegate.swift */; };
		42FD19BB287381A2001B0ECF /* ViewController.swift in Sources */ = {isa = PBXBuildFile; fileRef = 42FD19BA287381A2001B0ECF /* ViewController.swift */; };
		42FD19BE287381A2001B0ECF /* Main.storyboard in Resources */ = {isa = PBXBuildFile; fileRef = 42FD19BC287381A2001B0ECF /* Main.storyboard */; };
		42FD19C0287381A2001B0ECF /* Assets.xcassets in Resources */ = {isa = PBXBuildFile; fileRef = 42FD19BF287381A2001B0ECF /* Assets.xcassets */; };
		42FD19C3287381A2001B0ECF /* LaunchScreen.storyboard in Resources */ = {isa = PBXBuildFile; fileRef = 42FD19C1287381A2001B0ECF /* LaunchScreen.storyboard */; };
		4BAE9D7A29DA23B900F2D4D8 /* GoogleService-Info.plist in Resources */ = {isa = PBXBuildFile; fileRef = 4BAE9D7929DA23B900F2D4D8 /* GoogleService-Info.plist */; };
		4BD7990A29DA219400B872BF /* FirebaseAnalytics in Frameworks */ = {isa = PBXBuildFile; productRef = 4BD7990929DA219400B872BF /* FirebaseAnalytics */; };
		4BD7990C29DA219400B872BF /* FirebaseAuth in Frameworks */ = {isa = PBXBuildFile; productRef = 4BD7990B29DA219400B872BF /* FirebaseAuth */; };
		4BD7990E29DA219400B872BF /* FirebaseAuthCombine-Community in Frameworks */ = {isa = PBXBuildFile; productRef = 4BD7990D29DA219400B872BF /* FirebaseAuthCombine-Community */; };
		4BD7991029DA219400B872BF /* FirebaseDatabase in Frameworks */ = {isa = PBXBuildFile; productRef = 4BD7990F29DA219400B872BF /* FirebaseDatabase */; };
		4BD7991229DA219400B872BF /* FirebaseDatabaseSwift in Frameworks */ = {isa = PBXBuildFile; productRef = 4BD7991129DA219400B872BF /* FirebaseDatabaseSwift */; };
		4BD7991429DA219400B872BF /* FirebaseFirestore in Frameworks */ = {isa = PBXBuildFile; productRef = 4BD7991329DA219400B872BF /* FirebaseFirestore */; };
		4BD7991629DA219400B872BF /* FirebaseStorage in Frameworks */ = {isa = PBXBuildFile; productRef = 4BD7991529DA219400B872BF /* FirebaseStorage */; };
		4BD7991829DA219400B872BF /* FirebaseStorageCombine-Community in Frameworks */ = {isa = PBXBuildFile; productRef = 4BD7991729DA219400B872BF /* FirebaseStorageCombine-Community */; };
/* End PBXBuildFile section */

/* Begin PBXFileReference section */
		42C12AEF28787CB700199391 /* ViewController3.swift */ = {isa = PBXFileReference; lastKnownFileType = sourcecode.swift; path = ViewController3.swift; sourceTree = "<group>"; };
		42C1811D2873C4B600E3207B /* secondViewcontrollerViewController.swift */ = {isa = PBXFileReference; lastKnownFileType = sourcecode.swift; path = secondViewcontrollerViewController.swift; sourceTree = "<group>"; };
		42FD19B3287381A2001B0ECF /* appfinal.app */ = {isa = PBXFileReference; explicitFileType = wrapper.application; includeInIndex = 0; path = appfinal.app; sourceTree = BUILT_PRODUCTS_DIR; };
		42FD19B6287381A2001B0ECF /* AppDelegate.swift */ = {isa = PBXFileReference; lastKnownFileType = sourcecode.swift; path = AppDelegate.swift; sourceTree = "<group>"; };
		42FD19B8287381A2001B0ECF /* SceneDelegate.swift */ = {isa = PBXFileReference; lastKnownFileType = sourcecode.swift; path = SceneDelegate.swift; sourceTree = "<group>"; };
		42FD19BA287381A2001B0ECF /* ViewController.swift */ = {isa = PBXFileReference; lastKnownFileType = sourcecode.swift; path = ViewController.swift; sourceTree = "<group>"; };
		42FD19BD287381A2001B0ECF /* Base */ = {isa = PBXFileReference; lastKnownFileType = file.storyboard; name = Base; path = Base.lproj/Main.storyboard; sourceTree = "<group>"; };
		42FD19BF287381A2001B0ECF /* Assets.xcassets */ = {isa = PBXFileReference; lastKnownFileType = folder.assetcatalog; path = Assets.xcassets; sourceTree = "<group>"; };
		42FD19C2287381A2001B0ECF /* Base */ = {isa = PBXFileReference; lastKnownFileType = file.storyboard; name = Base; path = Base.lproj/LaunchScreen.storyboard; sourceTree = "<group>"; };
		42FD19C4287381A2001B0ECF /* Info.plist */ = {isa = PBXFileReference; lastKnownFileType = text.plist.xml; path = Info.plist; sourceTree = "<group>"; };
		4BAE9D7929DA23B900F2D4D8 /* GoogleService-Info.plist */ = {isa = PBXFileReference; fileEncoding = 4; lastKnownFileType = text.plist.xml; path = "GoogleService-Info.plist"; sourceTree = "<group>"; };
/* End PBXFileReference section */

/* Begin PBXFrameworksBuildPhase section */
		42FD19B0287381A2001B0ECF /* Frameworks */ = {
			isa = PBXFrameworksBuildPhase;
			buildActionMask = 2147483647;
			files = (
				4BD7991229DA219400B872BF /* FirebaseDatabaseSwift in Frameworks */,
				4BD7990A29DA219400B872BF /* FirebaseAnalytics in Frameworks */,
				4BD7991829DA219400B872BF /* FirebaseStorageCombine-Community in Frameworks */,
				4BD7990E29DA219400B872BF /* FirebaseAuthCombine-Community in Frameworks */,
				4BD7991029DA219400B872BF /* FirebaseDatabase in Frameworks */,
				4BD7991629DA219400B872BF /* FirebaseStorage in Frameworks */,
				4BD7990C29DA219400B872BF /* FirebaseAuth in Frameworks */,
				4BD7991429DA219400B872BF /* FirebaseFirestore in Frameworks */,
			);
			runOnlyForDeploymentPostprocessing = 0;
		};
/* End PBXFrameworksBuildPhase section */

/* Begin PBXGroup section */
		42FD19AA287381A1001B0ECF = {
			isa = PBXGroup;
			children = (
				42FD19B5287381A2001B0ECF /* appfinal */,
				42FD19B4287381A2001B0ECF /* Products */,
			);
			sourceTree = "<group>";
		};
		42FD19B4287381A2001B0ECF /* Products */ = {
			isa = PBXGroup;
			children = (
				42FD19B3287381A2001B0ECF /* appfinal.app */,
			);
			name = Products;
			sourceTree = "<group>";
		};
		42FD19B5287381A2001B0ECF /* appfinal */ = {
			isa = PBXGroup;
			children = (
				42FD19B6287381A2001B0ECF /* AppDelegate.swift */,
				42FD19B8287381A2001B0ECF /* SceneDelegate.swift */,
				42FD19BA287381A2001B0ECF /* ViewController.swift */,
				42C1811D2873C4B600E3207B /* secondViewcontrollerViewController.swift */,
				42C12AEF28787CB700199391 /* ViewController3.swift */,
				42FD19BC287381A2001B0ECF /* Main.storyboard */,
				42FD19BF287381A2001B0ECF /* Assets.xcassets */,
				42FD19C1287381A2001B0ECF /* LaunchScreen.storyboard */,
				4BAE9D7929DA23B900F2D4D8 /* GoogleService-Info.plist */,
				42FD19C4287381A2001B0ECF /* Info.plist */,
			);
			path = appfinal;
			sourceTree = "<group>";
		};
/* End PBXGroup section */

/* Begin PBXNativeTarget section */
		42FD19B2287381A2001B0ECF /* appfinal */ = {
			isa = PBXNativeTarget;
			buildConfigurationList = 42FD19C7287381A2001B0ECF /* Build configuration list for PBXNativeTarget "appfinal" */;
			buildPhases = (
				42FD19AF287381A2001B0ECF /* Sources */,
				42FD19B0287381A2001B0ECF /* Frameworks */,
				42FD19B1287381A2001B0ECF /* Resources */,
			);
			buildRules = (
			);
			dependencies = (
			);
			name = appfinal;
			packageProductDependencies = (
				4BD7990929DA219400B872BF /* FirebaseAnalytics */,
				4BD7990B29DA219400B872BF /* FirebaseAuth */,
				4BD7990D29DA219400B872BF /* FirebaseAuthCombine-Community */,
				4BD7990F29DA219400B872BF /* FirebaseDatabase */,
				4BD7991129DA219400B872BF /* FirebaseDatabaseSwift */,
				4BD7991329DA219400B872BF /* FirebaseFirestore */,
				4BD7991529DA219400B872BF /* FirebaseStorage */,
				4BD7991729DA219400B872BF /* FirebaseStorageCombine-Community */,
			);
			productName = appfinal;
			productReference = 42FD19B3287381A2001B0ECF /* appfinal.app */;
			productType = "com.apple.product-type.application";
		};
/* End PBXNativeTarget section */

/* Begin PBXProject section */
		42FD19AB287381A1001B0ECF /* Project object */ = {
			isa = PBXProject;
			attributes = {
				BuildIndependentTargetsInParallel = 1;
				LastSwiftUpdateCheck = 1340;
				LastUpgradeCheck = 1340;
				TargetAttributes = {
					42FD19B2287381A2001B0ECF = {
						CreatedOnToolsVersion = 13.4.1;
					};
				};
			};
			buildConfigurationList = 42FD19AE287381A1001B0ECF /* Build configuration list for PBXProject "appfinal" */;
			compatibilityVersion = "Xcode 13.0";
			developmentRegion = en;
			hasScannedForEncodings = 0;
			knownRegions = (
				en,
				Base,
			);
			mainGroup = 42FD19AA287381A1001B0ECF;
			packageReferences = (
				4BD7990829DA219400B872BF /* XCRemoteSwiftPackageReference "firebase-ios-sdk" */,
			);
			productRefGroup = 42FD19B4287381A2001B0ECF /* Products */;
			projectDirPath = "";
			projectRoot = "";
			targets = (
				42FD19B2287381A2001B0ECF /* appfinal */,
			);
		};
/* End PBXProject section */

/* Begin PBXResourcesBuildPhase section */
		42FD19B1287381A2001B0ECF /* Resources */ = {
			isa = PBXResourcesBuildPhase;
			buildActionMask = 2147483647;
			files = (
				42FD19C3287381A2001B0ECF /* LaunchScreen.storyboard in Resources */,
				4BAE9D7A29DA23B900F2D4D8 /* GoogleService-Info.plist in Resources */,
				42FD19C0287381A2001B0ECF /* Assets.xcassets in Resources */,
				42FD19BE287381A2001B0ECF /* Main.storyboard in Resources */,
			);
			runOnlyForDeploymentPostprocessing = 0;
		};
/* End PBXResourcesBuildPhase section */

/* Begin PBXSourcesBuildPhase section */
		42FD19AF287381A2001B0ECF /* Sources */ = {
			isa = PBXSourcesBuildPhase;
			buildActionMask = 2147483647;
			files = (
				42C12AF028787CB700199391 /* ViewController3.swift in Sources */,
				42FD19BB287381A2001B0ECF /* ViewController.swift in Sources */,
				42C1811E2873C4B600E3207B /* secondViewcontrollerViewController.swift in Sources */,
				42FD19B7287381A2001B0ECF /* AppDelegate.swift in Sources */,
				42FD19B9287381A2001B0ECF /* SceneDelegate.swift in Sources */,
			);
			runOnlyForDeploymentPostprocessing = 0;
		};
/* End PBXSourcesBuildPhase section */

/* Begin PBXVariantGroup section */
		42FD19BC287381A2001B0ECF /* Main.storyboard */ = {
			isa = PBXVariantGroup;
			children = (
				42FD19BD287381A2001B0ECF /* Base */,
			);
			name = Main.storyboard;
			sourceTree = "<group>";
		};
		42FD19C1287381A2001B0ECF /* LaunchScreen.storyboard */ = {
			isa = PBXVariantGroup;
			children = (
				42FD19C2287381A2001B0ECF /* Base */,
			);
			name = LaunchScreen.storyboard;
			sourceTree = "<group>";
		};
/* End PBXVariantGroup section */

/* Begin XCBuildConfiguration section */
		42FD19C5287381A2001B0ECF /* Debug */ = {
			isa = XCBuildConfiguration;
			buildSettings = {
				ALWAYS_SEARCH_USER_PATHS = NO;
				CLANG_ANALYZER_NONNULL = YES;
				CLANG_ANALYZER_NUMBER_OBJECT_CONVERSION = YES_AGGRESSIVE;
				CLANG_CXX_LANGUAGE_STANDARD = "gnu++17";
				CLANG_ENABLE_MODULES = YES;
				CLANG_ENABLE_OBJC_ARC = YES;
				CLANG_ENABLE_OBJC_WEAK = YES;
				CLANG_WARN_BLOCK_CAPTURE_AUTORELEASING = YES;
				CLANG_WARN_BOOL_CONVERSION = YES;
				CLANG_WARN_COMMA = YES;
				CLANG_WARN_CONSTANT_CONVERSION = YES;
				CLANG_WARN_DEPRECATED_OBJC_IMPLEMENTATIONS = YES;
				CLANG_WARN_DIRECT_OBJC_ISA_USAGE = YES_ERROR;
				CLANG_WARN_DOCUMENTATION_COMMENTS = YES;
				CLANG_WARN_EMPTY_BODY = YES;
				CLANG_WARN_ENUM_CONVERSION = YES;
				CLANG_WARN_INFINITE_RECURSION = YES;
				CLANG_WARN_INT_CONVERSION = YES;
				CLANG_WARN_NON_LITERAL_NULL_CONVERSION = YES;
				CLANG_WARN_OBJC_IMPLICIT_RETAIN_SELF = YES;
				CLANG_WARN_OBJC_LITERAL_CONVERSION = YES;
				CLANG_WARN_OBJC_ROOT_CLASS = YES_ERROR;
				CLANG_WARN_QUOTED_INCLUDE_IN_FRAMEWORK_HEADER = YES;
				CLANG_WARN_RANGE_LOOP_ANALYSIS = YES;
				CLANG_WARN_STRICT_PROTOTYPES = YES;
				CLANG_WARN_SUSPICIOUS_MOVE = YES;
				CLANG_WARN_UNGUARDED_AVAILABILITY = YES_AGGRESSIVE;
				CLANG_WARN_UNREACHABLE_CODE = YES;
				CLANG_WARN__DUPLICATE_METHOD_MATCH = YES;
				COPY_PHASE_STRIP = NO;
				DEBUG_INFORMATION_FORMAT = dwarf;
				ENABLE_STRICT_OBJC_MSGSEND = YES;
				ENABLE_TESTABILITY = YES;
				GCC_C_LANGUAGE_STANDARD = gnu11;
				GCC_DYNAMIC_NO_PIC = NO;
				GCC_NO_COMMON_BLOCKS = YES;
				GCC_OPTIMIZATION_LEVEL = 0;
				GCC_PREPROCESSOR_DEFINITIONS = (
					"DEBUG=1",
					"$(inherited)",
				);
				GCC_WARN_64_TO_32_BIT_CONVERSION = YES;
				GCC_WARN_ABOUT_RETURN_TYPE = YES_ERROR;
				GCC_WARN_UNDECLARED_SELECTOR = YES;
				GCC_WARN_UNINITIALIZED_AUTOS = YES_AGGRESSIVE;
				GCC_WARN_UNUSED_FUNCTION = YES;
				GCC_WARN_UNUSED_VARIABLE = YES;
				IPHONEOS_DEPLOYMENT_TARGET = 15.5;
				MTL_ENABLE_DEBUG_INFO = INCLUDE_SOURCE;
				MTL_FAST_MATH = YES;
				ONLY_ACTIVE_ARCH = YES;
				SDKROOT = iphoneos;
				SWIFT_ACTIVE_COMPILATION_CONDITIONS = DEBUG;
				SWIFT_OPTIMIZATION_LEVEL = "-Onone";
			};
			name = Debug;
		};
		42FD19C6287381A2001B0ECF /* Release */ = {
			isa = XCBuildConfiguration;
			buildSettings = {
				ALWAYS_SEARCH_USER_PATHS = NO;
				CLANG_ANALYZER_NONNULL = YES;
				CLANG_ANALYZER_NUMBER_OBJECT_CONVERSION = YES_AGGRESSIVE;
				CLANG_CXX_LANGUAGE_STANDARD = "gnu++17";
				CLANG_ENABLE_MODULES = YES;
				CLANG_ENABLE_OBJC_ARC = YES;
				CLANG_ENABLE_OBJC_WEAK = YES;
				CLANG_WARN_BLOCK_CAPTURE_AUTORELEASING = YES;
				CLANG_WARN_BOOL_CONVERSION = YES;
				CLANG_WARN_COMMA = YES;
				CLANG_WARN_CONSTANT_CONVERSION = YES;
				CLANG_WARN_DEPRECATED_OBJC_IMPLEMENTATIONS = YES;
				CLANG_WARN_DIRECT_OBJC_ISA_USAGE = YES_ERROR;
				CLANG_WARN_DOCUMENTATION_COMMENTS = YES;
				CLANG_WARN_EMPTY_BODY = YES;
				CLANG_WARN_ENUM_CONVERSION = YES;
				CLANG_WARN_INFINITE_RECURSION = YES;
				CLANG_WARN_INT_CONVERSION = YES;
				CLANG_WARN_NON_LITERAL_NULL_CONVERSION = YES;
				CLANG_WARN_OBJC_IMPLICIT_RETAIN_SELF = YES;
				CLANG_WARN_OBJC_LITERAL_CONVERSION = YES;
				CLANG_WARN_OBJC_ROOT_CLASS = YES_ERROR;
				CLANG_WARN_QUOTED_INCLUDE_IN_FRAMEWORK_HEADER = YES;
				CLANG_WARN_RANGE_LOOP_ANALYSIS = YES;
				CLANG_WARN_STRICT_PROTOTYPES = YES;
				CLANG_WARN_SUSPICIOUS_MOVE = YES;
				CLANG_WARN_UNGUARDED_AVAILABILITY = YES_AGGRESSIVE;
				CLANG_WARN_UNREACHABLE_CODE = YES;
				CLANG_WARN__DUPLICATE_METHOD_MATCH = YES;
				COPY_PHASE_STRIP = NO;
				DEBUG_INFORMATION_FORMAT = "dwarf-with-dsym";
				ENABLE_NS_ASSERTIONS = NO;
				ENABLE_STRICT_OBJC_MSGSEND = YES;
				GCC_C_LANGUAGE_STANDARD = gnu11;
				GCC_NO_COMMON_BLOCKS = YES;
				GCC_WARN_64_TO_32_BIT_CONVERSION = YES;
				GCC_WARN_ABOUT_RETURN_TYPE = YES_ERROR;
				GCC_WARN_UNDECLARED_SELECTOR = YES;
				GCC_WARN_UNINITIALIZED_AUTOS = YES_AGGRESSIVE;
				GCC_WARN_UNUSED_FUNCTION = YES;
				GCC_WARN_UNUSED_VARIABLE = YES;
				IPHONEOS_DEPLOYMENT_TARGET = 15.5;
				MTL_ENABLE_DEBUG_INFO = NO;
				MTL_FAST_MATH = YES;
				SDKROOT = iphoneos;
				SWIFT_COMPILATION_MODE = wholemodule;
				SWIFT_OPTIMIZATION_LEVEL = "-O";
				VALIDATE_PRODUCT = YES;
			};
			name = Release;
		};
		42FD19C8287381A2001B0ECF /* Debug */ = {
			isa = XCBuildConfiguration;
			buildSettings = {
				ASSETCATALOG_COMPILER_APPICON_NAME = AppIcon;
				ASSETCATALOG_COMPILER_GLOBAL_ACCENT_COLOR_NAME = AccentColor;
				CODE_SIGN_STYLE = Automatic;
				CURRENT_PROJECT_VERSION = 1;
				GENERATE_INFOPLIST_FILE = YES;
				INFOPLIST_FILE = appfinal/Info.plist;
				INFOPLIST_KEY_UIApplicationSupportsIndirectInputEvents = YES;
				INFOPLIST_KEY_UILaunchStoryboardName = LaunchScreen;
				INFOPLIST_KEY_UIMainStoryboardFile = Main;
				INFOPLIST_KEY_UISupportedInterfaceOrientations_iPad = "UIInterfaceOrientationPortrait UIInterfaceOrientationPortraitUpsideDown UIInterfaceOrientationLandscapeLeft UIInterfaceOrientationLandscapeRight";
				INFOPLIST_KEY_UISupportedInterfaceOrientations_iPhone = "UIInterfaceOrientationPortrait UIInterfaceOrientationLandscapeLeft UIInterfaceOrientationLandscapeRight";
				LD_RUNPATH_SEARCH_PATHS = (
					"$(inherited)",
					"@executable_path/Frameworks",
				);
				MARKETING_VERSION = 1.0;
				PRODUCT_BUNDLE_IDENTIFIER = casa.appfinal;
				PRODUCT_NAME = "$(TARGET_NAME)";
				SWIFT_EMIT_LOC_STRINGS = YES;
				SWIFT_VERSION = 5.0;
				TARGETED_DEVICE_FAMILY = "1,2";
			};
			name = Debug;
		};
		42FD19C9287381A2001B0ECF /* Release */ = {
			isa = XCBuildConfiguration;
			buildSettings = {
				ASSETCATALOG_COMPILER_APPICON_NAME = AppIcon;
				ASSETCATALOG_COMPILER_GLOBAL_ACCENT_COLOR_NAME = AccentColor;
				CODE_SIGN_STYLE = Automatic;
				CURRENT_PROJECT_VERSION = 1;
				GENERATE_INFOPLIST_FILE = YES;
				INFOPLIST_FILE = appfinal/Info.plist;
				INFOPLIST_KEY_UIApplicationSupportsIndirectInputEvents = YES;
				INFOPLIST_KEY_UILaunchStoryboardName = LaunchScreen;
				INFOPLIST_KEY_UIMainStoryboardFile = Main;
				INFOPLIST_KEY_UISupportedInterfaceOrientations_iPad = "UIInterfaceOrientationPortrait UIInterfaceOrientationPortraitUpsideDown UIInterfaceOrientationLandscapeLeft UIInterfaceOrientationLandscapeRight";
				INFOPLIST_KEY_UISupportedInterfaceOrientations_iPhone = "UIInterfaceOrientationPortrait UIInterfaceOrientationLandscapeLeft UIInterfaceOrientationLandscapeRight";
				LD_RUNPATH_SEARCH_PATHS = (
					"$(inherited)",
					"@executable_path/Frameworks",
				);
				MARKETING_VERSION = 1.0;
				PRODUCT_BUNDLE_IDENTIFIER = casa.appfinal;
				PRODUCT_NAME = "$(TARGET_NAME)";
				SWIFT_EMIT_LOC_STRINGS = YES;
				SWIFT_VERSION = 5.0;
				TARGETED_DEVICE_FAMILY = "1,2";
			};
			name = Release;
		};
/* End XCBuildConfiguration section */

/* Begin XCConfigurationList section */
		42FD19AE287381A1001B0ECF /* Build configuration list for PBXProject "appfinal" */ = {
			isa = XCConfigurationList;
			buildConfigurations = (
				42FD19C5287381A2001B0ECF /* Debug */,
				42FD19C6287381A2001B0ECF /* Release */,
			);
			defaultConfigurationIsVisible = 0;
			defaultConfigurationName = Release;
		};
		42FD19C7287381A2001B0ECF /* Build configuration list for PBXNativeTarget "appfinal" */ = {
			isa = XCConfigurationList;
			buildConfigurations = (
				42FD19C8287381A2001B0ECF /* Debug */,
				42FD19C9287381A2001B0ECF /* Release */,
			);
			defaultConfigurationIsVisible = 0;
			defaultConfigurationName = Release;
		};
/* End XCConfigurationList section */

/* Begin XCRemoteSwiftPackageReference section */
		4BD7990829DA219400B872BF /* XCRemoteSwiftPackageReference "firebase-ios-sdk" */ = {
			isa = XCRemoteSwiftPackageReference;
			repositoryURL = "https://github.com/firebase/firebase-ios-sdk";
			requirement = {
				kind = upToNextMajorVersion;
				minimumVersion = 9.0.0;
			};
		};
/* End XCRemoteSwiftPackageReference section */

/* Begin XCSwiftPackageProductDependency section */
		4BD7990929DA219400B872BF /* FirebaseAnalytics */ = {
			isa = XCSwiftPackageProductDependency;
			package = 4BD7990829DA219400B872BF /* XCRemoteSwiftPackageReference "firebase-ios-sdk" */;
			productName = FirebaseAnalytics;
		};
		4BD7990B29DA219400B872BF /* FirebaseAuth */ = {
			isa = XCSwiftPackageProductDependency;
			package = 4BD7990829DA219400B872BF /* XCRemoteSwiftPackageReference "firebase-ios-sdk" */;
			productName = FirebaseAuth;
		};
		4BD7990D29DA219400B872BF /* FirebaseAuthCombine-Community */ = {
			isa = XCSwiftPackageProductDependency;
			package = 4BD7990829DA219400B872BF /* XCRemoteSwiftPackageReference "firebase-ios-sdk" */;
			productName = "FirebaseAuthCombine-Community";
		};
		4BD7990F29DA219400B872BF /* FirebaseDatabase */ = {
			isa = XCSwiftPackageProductDependency;
			package = 4BD7990829DA219400B872BF /* XCRemoteSwiftPackageReference "firebase-ios-sdk" */;
			productName = FirebaseDatabase;
		};
		4BD7991129DA219400B872BF /* FirebaseDatabaseSwift */ = {
			isa = XCSwiftPackageProductDependency;
			package = 4BD7990829DA219400B872BF /* XCRemoteSwiftPackageReference "firebase-ios-sdk" */;
			productName = FirebaseDatabaseSwift;
		};
		4BD7991329DA219400B872BF /* FirebaseFirestore */ = {
			isa = XCSwiftPackageProductDependency;
			package = 4BD7990829DA219400B872BF /* XCRemoteSwiftPackageReference "firebase-ios-sdk" */;
			productName = FirebaseFirestore;
		};
		4BD7991529DA219400B872BF /* FirebaseStorage */ = {
			isa = XCSwiftPackageProductDependency;
			package = 4BD7990829DA219400B872BF /* XCRemoteSwiftPackageReference "firebase-ios-sdk" */;
			productName = FirebaseStorage;
		};
		4BD7991729DA219400B872BF /* FirebaseStorageCombine-Community */ = {
			isa = XCSwiftPackageProductDependency;
			package = 4BD7990829DA219400B872BF /* XCRemoteSwiftPackageReference "firebase-ios-sdk" */;
			productName = "FirebaseStorageCombine-Community";
		};
/* End XCSwiftPackageProductDependency section */
	};
	rootObject = 42FD19AB287381A1001B0ECF /* Project object */;
}
